// !$*UTF8*$!
{
	archiveVersion = 1;
	classes = {
	};
	objectVersion = 56;
	objects = {

/* Begin PBXBuildFile section */
		26UIBLD001 /* GGUFToRunRealDataUITests.swift in Sources */ = {isa = PBXBuildFile; fileRef = 26UIREF001 /* GGUFToRunRealDataUITests.swift */; };
		26UIBLD002 /* XCTest.framework in Frameworks */ = {isa = PBXBuildFile; fileRef = 24FREF01B /* XCTest.framework */; };
		24BBLD000000 /* x in Sources */ = {isa = PBXBuildFile; fileRef = 24FREF000000 /* x */; };

		24BBLD000001 /* x in Sources */ = {isa = PBXBuildFile; fileRef = 24FREF000001 /* x */; };

		24BBLD000002 /* x in Sources */ = {isa = PBXBuildFile; fileRef = 24FREF000002 /* x */; };

		24BBLD000003 /* x in Sources */ = {isa = PBXBuildFile; fileRef = 24FREF000003 /* x */; };

		24BBLD000004 /* x in Sources */ = {isa = PBXBuildFile; fileRef = 24FREF000004 /* x */; };
		24BBLD022 /* LibraryDomain.swift in Sources */ = {isa = PBXBuildFile; fileRef = 24FREF01C /* LibraryDomain.swift */; };
		24BBLD023 /* CatalogModels.swift in Sources */ = {isa = PBXBuildFile; fileRef = 24FREF01D /* CatalogModels.swift */; };
		24BBLD024 /* WorkspaceModels.swift in Sources */ = {isa = PBXBuildFile; fileRef = 24FREF01E /* WorkspaceModels.swift */; };
		24BBLD036 /* WorkflowModels.swift in Sources */ = {isa = PBXBuildFile; fileRef = 24FREF030 /* WorkflowModels.swift */; };
		24BBLD038 /* ModelWorkflowResolver.swift in Sources */ = {isa = PBXBuildFile; fileRef = 24FREF032 /* ModelWorkflowResolver.swift */; };
		24BBLD039 /* ModelWorkflowStore.swift in Sources */ = {isa = PBXBuildFile; fileRef = 24FREF033 /* ModelWorkflowStore.swift */; };
		24BBLD041 /* ModelWorkflowCoordinator.swift in Sources */ = {isa = PBXBuildFile; fileRef = 24FREF035 /* ModelWorkflowCoordinator.swift */; };

		24BBLD000005 /* x in Sources */ = {isa = PBXBuildFile; fileRef = 24FREF000005 /* x */; };

		24BBLD000006 /* x in Sources */ = {isa = PBXBuildFile; fileRef = 24FREF000006 /* x */; };

		24BBLD000007 /* x in Sources */ = {isa = PBXBuildFile; fileRef = 24FREF000007 /* x */; };

		24BBLD000008 /* x in Sources */ = {isa = PBXBuildFile; fileRef = 24FREF000008 /* x */; };

		24BBLD000009 /* x in Sources */ = {isa = PBXBuildFile; fileRef = 24FREF000009 /* x */; };

		24BBLD00000A /* x in Sources */ = {isa = PBXBuildFile; fileRef = 24FREF00000A /* x */; };

		24BBLD00000B /* x in Sources */ = {isa = PBXBuildFile; fileRef = 24FREF00000B /* x */; };

		24BBLD00000C /* x in Sources */ = {isa = PBXBuildFile; fileRef = 24FREF00000C /* x */; };

		24BBLD00000D /* x in Sources */ = {isa = PBXBuildFile; fileRef = 24FREF00000D /* x */; };

		24BBLD00000E /* x in Sources */ = {isa = PBXBuildFile; fileRef = 24FREF00000E /* x */; };

		24BBLD00000F /* x in Sources */ = {isa = PBXBuildFile; fileRef = 24FREF00000F /* x */; };

		24BBLD000010 /* x in Sources */ = {isa = PBXBuildFile; fileRef = 24FREF000010 /* x */; };

		24BBLD000011 /* x in Sources */ = {isa = PBXBuildFile; fileRef = 24FREF000011 /* x */; };

		24BBLD000012 /* x in Sources */ = {isa = PBXBuildFile; fileRef = 24FREF000012 /* x */; };

		24BBLD000013 /* x in Sources */ = {isa = PBXBuildFile; fileRef = 24FREF000013 /* x */; };

		24BBLD000014 /* x in Sources */ = {isa = PBXBuildFile; fileRef = 24FREF000014 /* x */; };

		24BBLD000015 /* x in Sources */ = {isa = PBXBuildFile; fileRef = 24FREF000015 /* x */; };

		24BBLD000016 /* x in Sources */ = {isa = PBXBuildFile; fileRef = 24FREF000016 /* x */; };

		24BBLD000017 /* x in Sources */ = {isa = PBXBuildFile; fileRef = 24FREF000017 /* x */; };

		24BBLD000018 /* x in Sources */ = {isa = PBXBuildFile; fileRef = 24FREF000018 /* x */; };

		24BBLD000019 /* x in Sources */ = {isa = PBXBuildFile; fileRef = 24FREF000019 /* x */; };
		24BBLD020 /* AppHostHealthTests.swift in Sources */ = {isa = PBXBuildFile; fileRef = 24FREF01A /* AppHostHealthTests.swift */; };
		26SCBL001 /* ScanContractTests.swift in Sources */ = {isa = PBXBuildFile; fileRef = 26SCREF001 /* ScanContractTests.swift */; };
		26SCBL002 /* WorkbenchAPISubprocessTests.swift in Sources */ = {isa = PBXBuildFile; fileRef = 26SCREF002 /* WorkbenchAPISubprocessTests.swift */; };
		24BBLD021 /* XCTest.framework in Frameworks */ = {isa = PBXBuildFile; fileRef = 24FREF01B /* XCTest.framework */; };
		24BBLD025 /* LibraryDomainTests.swift in Sources */ = {isa = PBXBuildFile; fileRef = 24FREF01F /* LibraryDomainTests.swift */; };
		24BBLD026 /* ModelLibraryBuilder.swift in Sources */ = {isa = PBXBuildFile; fileRef = 24FREF020 /* ModelLibraryBuilder.swift */; };
		24BBLD027 /* ModelLibraryBuilderTests.swift in Sources */ = {isa = PBXBuildFile; fileRef = 24FREF021 /* ModelLibraryBuilderTests.swift */; };
		24BBLD028 /* LibraryView.swift in Sources */ = {isa = PBXBuildFile; fileRef = 24FREF022 /* LibraryView.swift */; };
		24BBLD029 /* ModelDetailsView.swift in Sources */ = {isa = PBXBuildFile; fileRef = 24FREF023 /* ModelDetailsView.swift */; };
		24BBLD030 /* LibraryViewTests.swift in Sources */ = {isa = PBXBuildFile; fileRef = 24FREF024 /* LibraryViewTests.swift */; };
		24BBLD031 /* CatalogClient.swift in Sources */ = {isa = PBXBuildFile; fileRef = 24FREF025 /* CatalogClient.swift */; };
		24BBLD032 /* CatalogStore.swift in Sources */ = {isa = PBXBuildFile; fileRef = 24FREF026 /* CatalogStore.swift */; };
		24BBLD033 /* CatalogStoreTests.swift in Sources */ = {isa = PBXBuildFile; fileRef = 24FREF027 /* CatalogStoreTests.swift */; };
		24BBLD034 /* RecommendationEngine.swift in Sources */ = {isa = PBXBuildFile; fileRef = 24FREF028 /* RecommendationEngine.swift */; };
		24BBLD035 /* RecommendationEngineTests.swift in Sources */ = {isa = PBXBuildFile; fileRef = 24FREF029 /* RecommendationEngineTests.swift */; };
		24BBLD037 /* ModelWorkflowResolverTests.swift in Sources */ = {isa = PBXBuildFile; fileRef = 24FREF031 /* ModelWorkflowResolverTests.swift */; };
		24BBLD040 /* ModelWorkflowCoordinatorTests.swift in Sources */ = {isa = PBXBuildFile; fileRef = 24FREF034 /* ModelWorkflowCoordinatorTests.swift */; };
		24BBLD042 /* VerificationModels.swift in Sources */ = {isa = PBXBuildFile; fileRef = 24FREF040 /* VerificationModels.swift */; };
		24BBLD043 /* ServeProbe.swift in Sources */ = {isa = PBXBuildFile; fileRef = 24FREF041 /* ServeProbe.swift */; };
		24BBLD044 /* VerificationStore.swift in Sources */ = {isa = PBXBuildFile; fileRef = 24FREF042 /* VerificationStore.swift */; };
		24BBLD045 /* VerificationCoordinator.swift in Sources */ = {isa = PBXBuildFile; fileRef = 24FREF043 /* VerificationCoordinator.swift */; };
		24BBLD046 /* VerificationModelTests.swift in Sources */ = {isa = PBXBuildFile; fileRef = 24FREF044 /* VerificationModelTests.swift */; };
		24BBLD047 /* ServeProbeTests.swift in Sources */ = {isa = PBXBuildFile; fileRef = 24FREF045 /* ServeProbeTests.swift */; };
		24BBLD048 /* VerificationCoordinatorTests.swift in Sources */ = {isa = PBXBuildFile; fileRef = 24FREF046 /* VerificationCoordinatorTests.swift */; };
		24BBLD049 /* ComparisonModels.swift in Sources */ = {isa = PBXBuildFile; fileRef = 24FREF047 /* ComparisonModels.swift */; };
		24BBLD04A /* JSONStore.swift in Sources */ = {isa = PBXBuildFile; fileRef = 24FREF048 /* JSONStore.swift */; };
		24BBLD04B /* ComparisonCoordinator.swift in Sources */ = {isa = PBXBuildFile; fileRef = 24FREF049 /* ComparisonCoordinator.swift */; };
		24BBLD04C /* ComparisonCoordinatorTests.swift in Sources */ = {isa = PBXBuildFile; fileRef = 24FREF04A /* ComparisonCoordinatorTests.swift */; };
		24BBLD04D /* WiringModels.swift in Sources */ = {isa = PBXBuildFile; fileRef = 24FREF04B /* WiringModels.swift */; };
		24BBLD04E /* JSONCTolerant.swift in Sources */ = {isa = PBXBuildFile; fileRef = 24FREF04C /* JSONCTolerant.swift */; };
		24BBLD04F /* ClientAdapters.swift in Sources */ = {isa = PBXBuildFile; fileRef = 24FREF04D /* ClientAdapters.swift */; };
		24BBLD050 /* WiringCoordinator.swift in Sources */ = {isa = PBXBuildFile; fileRef = 24FREF04E /* WiringCoordinator.swift */; };
		24BBLD051 /* WiringCoordinatorTests.swift in Sources */ = {isa = PBXBuildFile; fileRef = 24FREF04F /* WiringCoordinatorTests.swift */; };
		24BBLD052 /* EndpointModels.swift in Sources */ = {isa = PBXBuildFile; fileRef = 24FREF050 /* EndpointModels.swift */; };
		24BBLD053 /* EndpointSupervisor.swift in Sources */ = {isa = PBXBuildFile; fileRef = 24FREF051 /* EndpointSupervisor.swift */; };
		24BBLD054 /* LaunchAgentManager.swift in Sources */ = {isa = PBXBuildFile; fileRef = 24FREF052 /* LaunchAgentManager.swift */; };
		24BBLD055 /* MenuBarView.swift in Sources */ = {isa = PBXBuildFile; fileRef = 24FREF053 /* MenuBarView.swift */; };
		24BBLD056 /* EndpointSupervisorTests.swift in Sources */ = {isa = PBXBuildFile; fileRef = 24FREF054 /* EndpointSupervisorTests.swift */; };
		24BBLD057 /* ReclaimModels.swift in Sources */ = {isa = PBXBuildFile; fileRef = 24FREF055 /* ReclaimModels.swift */; };
		24BBLD058 /* Quarantine.swift in Sources */ = {isa = PBXBuildFile; fileRef = 24FREF056 /* Quarantine.swift */; };
		24BBLD059 /* UsageTracker.swift in Sources */ = {isa = PBXBuildFile; fileRef = 24FREF057 /* UsageTracker.swift */; };
		24BBLD05A /* ReclaimAdvisor.swift in Sources */ = {isa = PBXBuildFile; fileRef = 24FREF058 /* ReclaimAdvisor.swift */; };
		24BBLD05B /* ReclaimCoordinator.swift in Sources */ = {isa = PBXBuildFile; fileRef = 24FREF059 /* ReclaimCoordinator.swift */; };
		24BBLD05C /* ReclaimAdvisorTests.swift in Sources */ = {isa = PBXBuildFile; fileRef = 24FREF05A /* ReclaimAdvisorTests.swift */; };
		24BBLD05D /* LineageModels.swift in Sources */ = {isa = PBXBuildFile; fileRef = 24FREF05B /* LineageModels.swift */; };
		24BBLD05E /* LineageIndexer.swift in Sources */ = {isa = PBXBuildFile; fileRef = 24FREF05C /* LineageIndexer.swift */; };
		24BBLD05F /* LineageIndexerTests.swift in Sources */ = {isa = PBXBuildFile; fileRef = 24FREF05D /* LineageIndexerTests.swift */; };
		24BBLD060 /* WatchModels.swift in Sources */ = {isa = PBXBuildFile; fileRef = 24FREF05E /* WatchModels.swift */; };
		24BBLD061 /* WatchCoordinator.swift in Sources */ = {isa = PBXBuildFile; fileRef = 24FREF05F /* WatchCoordinator.swift */; };
		24BBLD062 /* WatchCoordinatorTests.swift in Sources */ = {isa = PBXBuildFile; fileRef = 24FREF060 /* WatchCoordinatorTests.swift */; };
		24BBLD063 /* FitModels.swift in Sources */ = {isa = PBXBuildFile; fileRef = 24FREF061 /* FitModels.swift */; };
		24BBLD064 /* FitAdvisor.swift in Sources */ = {isa = PBXBuildFile; fileRef = 24FREF062 /* FitAdvisor.swift */; };
		24BBLD065 /* FitAdvisorTests.swift in Sources */ = {isa = PBXBuildFile; fileRef = 24FREF063 /* FitAdvisorTests.swift */; };
		24BBLD069 /* AlertNotifier.swift in Sources */ = {isa = PBXBuildFile; fileRef = 24FREF067 /* AlertNotifier.swift */; };
		24BBLD06A /* HFRepoID.swift in Sources */ = {isa = PBXBuildFile; fileRef = 24FREF068 /* HFRepoID.swift */; };
		24BBLD06B /* HFRepoIDTests.swift in Sources */ = {isa = PBXBuildFile; fileRef = 24FREF069 /* HFRepoIDTests.swift */; };
		24BBLD067 /* PromptHistoryImport.swift in Sources */ = {isa = PBXBuildFile; fileRef = 24FREF065 /* PromptHistoryImport.swift */; };
		24BBLD068 /* ComparisonPhase2Tests.swift in Sources */ = {isa = PBXBuildFile; fileRef = 24FREF066 /* ComparisonPhase2Tests.swift */; };
		24BBLD066 /* PremiumSettingsTests.swift in Sources */ = {isa = PBXBuildFile; fileRef = 24FREF064 /* PremiumSettingsTests.swift */; };

		24ABLD001 /* Assets.xcassets in Resources */ = {isa = PBXBuildFile; fileRef = 24AREF001 /* Assets.xcassets */; };

/* End PBXBuildFile section */

/* Begin PBXFileReference section */
		26UIREF001 /* GGUFToRunRealDataUITests.swift */ = {isa = PBXFileReference; lastKnownFileType = sourcecode.swift; path = GGUFToRunRealDataUITests.swift; sourceTree = "<group>"; };
		26UIREF002 /* mlx-workbenchUITests.xctest */ = {isa = PBXFileReference; explicitFileType = wrapper.cfbundle; includeInIndex = 0; path = "mlx-workbenchUITests.xctest"; sourceTree = BUILT_PRODUCTS_DIR; };
		24FREF000000 /* App.swift */ = {isa = PBXFileReference; lastKnownFileType = sourcecode.swift; name = App.swift; path = App.swift; sourceTree = "<group>"; };

		24FREF000001 /* AppHost.swift */ = {isa = PBXFileReference; lastKnownFileType = sourcecode.swift; name = AppHost.swift; path = AppHost.swift; sourceTree = "<group>"; };

		24FREF000002 /* BridgeError.swift */ = {isa = PBXFileReference; lastKnownFileType = sourcecode.swift; name = BridgeError.swift; path = Bridge/BridgeError.swift; sourceTree = "<group>"; };

		24FREF000003 /* CLIProcess.swift */ = {isa = PBXFileReference; lastKnownFileType = sourcecode.swift; name = CLIProcess.swift; path = Bridge/CLIProcess.swift; sourceTree = "<group>"; };

		24FREF000004 /* ModelItem.swift */ = {isa = PBXFileReference; lastKnownFileType = sourcecode.swift; name = ModelItem.swift; path = Models/ModelItem.swift; sourceTree = "<group>"; };
		24FREF01C /* LibraryDomain.swift */ = {isa = PBXFileReference; lastKnownFileType = sourcecode.swift; name = LibraryDomain.swift; path = Models/LibraryDomain.swift; sourceTree = "<group>"; };
		24FREF01D /* CatalogModels.swift */ = {isa = PBXFileReference; lastKnownFileType = sourcecode.swift; name = CatalogModels.swift; path = Models/CatalogModels.swift; sourceTree = "<group>"; };
		24FREF01E /* WorkspaceModels.swift */ = {isa = PBXFileReference; lastKnownFileType = sourcecode.swift; name = WorkspaceModels.swift; path = Models/WorkspaceModels.swift; sourceTree = "<group>"; };
		24FREF030 /* WorkflowModels.swift */ = {isa = PBXFileReference; lastKnownFileType = sourcecode.swift; name = WorkflowModels.swift; path = Models/WorkflowModels.swift; sourceTree = "<group>"; };

		24FREF000005 /* RuntimeChecker.swift */ = {isa = PBXFileReference; lastKnownFileType = sourcecode.swift; name = RuntimeChecker.swift; path = Services/RuntimeChecker.swift; sourceTree = "<group>"; };

		24FREF000006 /* WorkbenchAPI.swift */ = {isa = PBXFileReference; lastKnownFileType = sourcecode.swift; name = WorkbenchAPI.swift; path = Services/WorkbenchAPI.swift; sourceTree = "<group>"; };

		24FREF000007 /* AppSidebar.swift */ = {isa = PBXFileReference; lastKnownFileType = sourcecode.swift; name = AppSidebar.swift; path = UI/AppSidebar.swift; sourceTree = "<group>"; };

		24FREF000008 /* Components.swift */ = {isa = PBXFileReference; lastKnownFileType = sourcecode.swift; name = Components.swift; path = UI/Components.swift; sourceTree = "<group>"; };

		24FREF000009 /* ContentView.swift */ = {isa = PBXFileReference; lastKnownFileType = sourcecode.swift; name = ContentView.swift; path = UI/ContentView.swift; sourceTree = "<group>"; };

		24FREF00000A /* AdoptView.swift */ = {isa = PBXFileReference; lastKnownFileType = sourcecode.swift; name = AdoptView.swift; path = UI/Views/AdoptView.swift; sourceTree = "<group>"; };

		24FREF00000B /* ConvertView.swift */ = {isa = PBXFileReference; lastKnownFileType = sourcecode.swift; name = ConvertView.swift; path = UI/Views/ConvertView.swift; sourceTree = "<group>"; };

		24FREF00000C /* DoctorView.swift */ = {isa = PBXFileReference; lastKnownFileType = sourcecode.swift; name = DoctorView.swift; path = UI/Views/DoctorView.swift; sourceTree = "<group>"; };

		24FREF00000D /* DuplicatesView.swift */ = {isa = PBXFileReference; lastKnownFileType = sourcecode.swift; name = DuplicatesView.swift; path = UI/Views/DuplicatesView.swift; sourceTree = "<group>"; };

		24FREF00000E /* JobsView.swift */ = {isa = PBXFileReference; lastKnownFileType = sourcecode.swift; name = JobsView.swift; path = UI/Views/JobsView.swift; sourceTree = "<group>"; };

		24FREF00000F /* LMStudioView.swift */ = {isa = PBXFileReference; lastKnownFileType = sourcecode.swift; name = LMStudioView.swift; path = UI/Views/LMStudioView.swift; sourceTree = "<group>"; };

		24FREF000010 /* ModelArchView.swift */ = {isa = PBXFileReference; lastKnownFileType = sourcecode.swift; name = ModelArchView.swift; path = UI/Views/ModelArchView.swift; sourceTree = "<group>"; };

		24FREF000011 /* ModelsView.swift */ = {isa = PBXFileReference; lastKnownFileType = sourcecode.swift; name = ModelsView.swift; path = UI/Views/ModelsView.swift; sourceTree = "<group>"; };

		24FREF000012 /* QuantView.swift */ = {isa = PBXFileReference; lastKnownFileType = sourcecode.swift; name = QuantView.swift; path = UI/Views/QuantView.swift; sourceTree = "<group>"; };

		24FREF000013 /* HomeView.swift */ = {isa = PBXFileReference; lastKnownFileType = sourcecode.swift; name = HomeView.swift; path = UI/Views/HomeView.swift; sourceTree = "<group>"; };

		24FREF000014 /* ScoutView.swift */ = {isa = PBXFileReference; lastKnownFileType = sourcecode.swift; name = ScoutView.swift; path = UI/Views/ScoutView.swift; sourceTree = "<group>"; };

		24FREF000015 /* ServeView.swift */ = {isa = PBXFileReference; lastKnownFileType = sourcecode.swift; name = ServeView.swift; path = UI/Views/ServeView.swift; sourceTree = "<group>"; };

		24FREF000016 /* SettingsView.swift */ = {isa = PBXFileReference; lastKnownFileType = sourcecode.swift; name = SettingsView.swift; path = UI/Views/SettingsView.swift; sourceTree = "<group>"; };

		24FREF000017 /* SlothView.swift */ = {isa = PBXFileReference; lastKnownFileType = sourcecode.swift; name = SlothView.swift; path = UI/Views/SlothView.swift; sourceTree = "<group>"; };

		24FREF000018 /* TrainingView.swift */ = {isa = PBXFileReference; lastKnownFileType = sourcecode.swift; name = TrainingView.swift; path = UI/Views/TrainingView.swift; sourceTree = "<group>"; };

		24FREF000019 /* WireView.swift */ = {isa = PBXFileReference; lastKnownFileType = sourcecode.swift; name = WireView.swift; path = UI/Views/WireView.swift; sourceTree = "<group>"; };
		24FREF01A /* AppHostHealthTests.swift */ = {isa = PBXFileReference; lastKnownFileType = sourcecode.swift; name = AppHostHealthTests.swift; path = AppHostHealthTests.swift; sourceTree = "<group>"; };
		24FREF01F /* LibraryDomainTests.swift */ = {isa = PBXFileReference; lastKnownFileType = sourcecode.swift; name = LibraryDomainTests.swift; path = LibraryDomainTests.swift; sourceTree = "<group>"; };
		24FREF020 /* ModelLibraryBuilder.swift */ = {isa = PBXFileReference; lastKnownFileType = sourcecode.swift; name = ModelLibraryBuilder.swift; path = Services/ModelLibraryBuilder.swift; sourceTree = "<group>"; };
		24FREF021 /* ModelLibraryBuilderTests.swift */ = {isa = PBXFileReference; lastKnownFileType = sourcecode.swift; name = ModelLibraryBuilderTests.swift; path = ModelLibraryBuilderTests.swift; sourceTree = "<group>"; };
		24FREF022 /* LibraryView.swift */ = {isa = PBXFileReference; lastKnownFileType = sourcecode.swift; name = LibraryView.swift; path = UI/Views/LibraryView.swift; sourceTree = "<group>"; };
		24FREF023 /* ModelDetailsView.swift */ = {isa = PBXFileReference; lastKnownFileType = sourcecode.swift; name = ModelDetailsView.swift; path = UI/Views/ModelDetailsView.swift; sourceTree = "<group>"; };
		24FREF024 /* LibraryViewTests.swift */ = {isa = PBXFileReference; lastKnownFileType = sourcecode.swift; name = LibraryViewTests.swift; path = LibraryViewTests.swift; sourceTree = "<group>"; };
		24FREF025 /* CatalogClient.swift */ = {isa = PBXFileReference; lastKnownFileType = sourcecode.swift; name = CatalogClient.swift; path = Services/CatalogClient.swift; sourceTree = "<group>"; };
		24FREF026 /* CatalogStore.swift */ = {isa = PBXFileReference; lastKnownFileType = sourcecode.swift; name = CatalogStore.swift; path = Services/CatalogStore.swift; sourceTree = "<group>"; };
		24FREF027 /* CatalogStoreTests.swift */ = {isa = PBXFileReference; lastKnownFileType = sourcecode.swift; name = CatalogStoreTests.swift; path = CatalogStoreTests.swift; sourceTree = "<group>"; };
		24FREF028 /* RecommendationEngine.swift */ = {isa = PBXFileReference; lastKnownFileType = sourcecode.swift; name = RecommendationEngine.swift; path = Services/RecommendationEngine.swift; sourceTree = "<group>"; };
		24FREF029 /* RecommendationEngineTests.swift */ = {isa = PBXFileReference; lastKnownFileType = sourcecode.swift; name = RecommendationEngineTests.swift; path = RecommendationEngineTests.swift; sourceTree = "<group>"; };
		24FREF031 /* ModelWorkflowResolverTests.swift */ = {isa = PBXFileReference; lastKnownFileType = sourcecode.swift; name = ModelWorkflowResolverTests.swift; path = ModelWorkflowResolverTests.swift; sourceTree = "<group>"; };
		24FREF032 /* ModelWorkflowResolver.swift */ = {isa = PBXFileReference; lastKnownFileType = sourcecode.swift; name = ModelWorkflowResolver.swift; path = Services/ModelWorkflowResolver.swift; sourceTree = "<group>"; };
		24FREF033 /* ModelWorkflowStore.swift */ = {isa = PBXFileReference; lastKnownFileType = sourcecode.swift; name = ModelWorkflowStore.swift; path = Services/ModelWorkflowStore.swift; sourceTree = "<group>"; };
		24FREF034 /* ModelWorkflowCoordinatorTests.swift */ = {isa = PBXFileReference; lastKnownFileType = sourcecode.swift; name = ModelWorkflowCoordinatorTests.swift; path = ModelWorkflowCoordinatorTests.swift; sourceTree = "<group>"; };
		24FREF035 /* ModelWorkflowCoordinator.swift */ = {isa = PBXFileReference; lastKnownFileType = sourcecode.swift; name = ModelWorkflowCoordinator.swift; path = Services/ModelWorkflowCoordinator.swift; sourceTree = "<group>"; };
		24FREF040 /* VerificationModels.swift */ = {isa = PBXFileReference; lastKnownFileType = sourcecode.swift; name = VerificationModels.swift; path = Models/VerificationModels.swift; sourceTree = "<group>"; };
		24FREF041 /* ServeProbe.swift */ = {isa = PBXFileReference; lastKnownFileType = sourcecode.swift; name = ServeProbe.swift; path = Services/ServeProbe.swift; sourceTree = "<group>"; };
		24FREF042 /* VerificationStore.swift */ = {isa = PBXFileReference; lastKnownFileType = sourcecode.swift; name = VerificationStore.swift; path = Services/VerificationStore.swift; sourceTree = "<group>"; };
		24FREF043 /* VerificationCoordinator.swift */ = {isa = PBXFileReference; lastKnownFileType = sourcecode.swift; name = VerificationCoordinator.swift; path = Services/VerificationCoordinator.swift; sourceTree = "<group>"; };
		24FREF044 /* VerificationModelTests.swift */ = {isa = PBXFileReference; lastKnownFileType = sourcecode.swift; path = VerificationModelTests.swift; sourceTree = "<group>"; };
		24FREF045 /* ServeProbeTests.swift */ = {isa = PBXFileReference; lastKnownFileType = sourcecode.swift; path = ServeProbeTests.swift; sourceTree = "<group>"; };
		24FREF046 /* VerificationCoordinatorTests.swift */ = {isa = PBXFileReference; lastKnownFileType = sourcecode.swift; path = VerificationCoordinatorTests.swift; sourceTree = "<group>"; };
		24FREF047 /* ComparisonModels.swift */ = {isa = PBXFileReference; lastKnownFileType = sourcecode.swift; name = ComparisonModels.swift; path = Models/ComparisonModels.swift; sourceTree = "<group>"; };
		24FREF048 /* JSONStore.swift */ = {isa = PBXFileReference; lastKnownFileType = sourcecode.swift; name = JSONStore.swift; path = Services/JSONStore.swift; sourceTree = "<group>"; };
		24FREF049 /* ComparisonCoordinator.swift */ = {isa = PBXFileReference; lastKnownFileType = sourcecode.swift; name = ComparisonCoordinator.swift; path = Services/ComparisonCoordinator.swift; sourceTree = "<group>"; };
		24FREF04A /* ComparisonCoordinatorTests.swift */ = {isa = PBXFileReference; lastKnownFileType = sourcecode.swift; path = ComparisonCoordinatorTests.swift; sourceTree = "<group>"; };
		24FREF04B /* WiringModels.swift */ = {isa = PBXFileReference; lastKnownFileType = sourcecode.swift; name = WiringModels.swift; path = Models/WiringModels.swift; sourceTree = "<group>"; };
		24FREF04C /* JSONCTolerant.swift */ = {isa = PBXFileReference; lastKnownFileType = sourcecode.swift; name = JSONCTolerant.swift; path = Services/JSONCTolerant.swift; sourceTree = "<group>"; };
		24FREF04D /* ClientAdapters.swift */ = {isa = PBXFileReference; lastKnownFileType = sourcecode.swift; name = ClientAdapters.swift; path = Services/ClientAdapters.swift; sourceTree = "<group>"; };
		24FREF04E /* WiringCoordinator.swift */ = {isa = PBXFileReference; lastKnownFileType = sourcecode.swift; name = WiringCoordinator.swift; path = Services/WiringCoordinator.swift; sourceTree = "<group>"; };
		24FREF04F /* WiringCoordinatorTests.swift */ = {isa = PBXFileReference; lastKnownFileType = sourcecode.swift; path = WiringCoordinatorTests.swift; sourceTree = "<group>"; };
		24FREF050 /* EndpointModels.swift */ = {isa = PBXFileReference; lastKnownFileType = sourcecode.swift; name = EndpointModels.swift; path = Models/EndpointModels.swift; sourceTree = "<group>"; };
		24FREF051 /* EndpointSupervisor.swift */ = {isa = PBXFileReference; lastKnownFileType = sourcecode.swift; name = EndpointSupervisor.swift; path = Services/EndpointSupervisor.swift; sourceTree = "<group>"; };
		24FREF052 /* LaunchAgentManager.swift */ = {isa = PBXFileReference; lastKnownFileType = sourcecode.swift; name = LaunchAgentManager.swift; path = Services/LaunchAgentManager.swift; sourceTree = "<group>"; };
		24FREF053 /* MenuBarView.swift */ = {isa = PBXFileReference; lastKnownFileType = sourcecode.swift; name = MenuBarView.swift; path = UI/MenuBarView.swift; sourceTree = "<group>"; };
		24FREF054 /* EndpointSupervisorTests.swift */ = {isa = PBXFileReference; lastKnownFileType = sourcecode.swift; path = EndpointSupervisorTests.swift; sourceTree = "<group>"; };
		24FREF055 /* ReclaimModels.swift */ = {isa = PBXFileReference; lastKnownFileType = sourcecode.swift; name = ReclaimModels.swift; path = Models/ReclaimModels.swift; sourceTree = "<group>"; };
		24FREF056 /* Quarantine.swift */ = {isa = PBXFileReference; lastKnownFileType = sourcecode.swift; name = Quarantine.swift; path = Services/Quarantine.swift; sourceTree = "<group>"; };
		24FREF057 /* UsageTracker.swift */ = {isa = PBXFileReference; lastKnownFileType = sourcecode.swift; name = UsageTracker.swift; path = Services/UsageTracker.swift; sourceTree = "<group>"; };
		24FREF058 /* ReclaimAdvisor.swift */ = {isa = PBXFileReference; lastKnownFileType = sourcecode.swift; name = ReclaimAdvisor.swift; path = Services/ReclaimAdvisor.swift; sourceTree = "<group>"; };
		24FREF059 /* ReclaimCoordinator.swift */ = {isa = PBXFileReference; lastKnownFileType = sourcecode.swift; name = ReclaimCoordinator.swift; path = Services/ReclaimCoordinator.swift; sourceTree = "<group>"; };
		24FREF05A /* ReclaimAdvisorTests.swift */ = {isa = PBXFileReference; lastKnownFileType = sourcecode.swift; path = ReclaimAdvisorTests.swift; sourceTree = "<group>"; };
		24FREF05B /* LineageModels.swift */ = {isa = PBXFileReference; lastKnownFileType = sourcecode.swift; name = LineageModels.swift; path = Models/LineageModels.swift; sourceTree = "<group>"; };
		24FREF05C /* LineageIndexer.swift */ = {isa = PBXFileReference; lastKnownFileType = sourcecode.swift; name = LineageIndexer.swift; path = Services/LineageIndexer.swift; sourceTree = "<group>"; };
		24FREF05D /* LineageIndexerTests.swift */ = {isa = PBXFileReference; lastKnownFileType = sourcecode.swift; path = LineageIndexerTests.swift; sourceTree = "<group>"; };
		24FREF05E /* WatchModels.swift */ = {isa = PBXFileReference; lastKnownFileType = sourcecode.swift; name = WatchModels.swift; path = Models/WatchModels.swift; sourceTree = "<group>"; };
		24FREF05F /* WatchCoordinator.swift */ = {isa = PBXFileReference; lastKnownFileType = sourcecode.swift; name = WatchCoordinator.swift; path = Services/WatchCoordinator.swift; sourceTree = "<group>"; };
		24FREF060 /* WatchCoordinatorTests.swift */ = {isa = PBXFileReference; lastKnownFileType = sourcecode.swift; path = WatchCoordinatorTests.swift; sourceTree = "<group>"; };
		24FREF061 /* FitModels.swift */ = {isa = PBXFileReference; lastKnownFileType = sourcecode.swift; name = FitModels.swift; path = Models/FitModels.swift; sourceTree = "<group>"; };
		24FREF062 /* FitAdvisor.swift */ = {isa = PBXFileReference; lastKnownFileType = sourcecode.swift; name = FitAdvisor.swift; path = Services/FitAdvisor.swift; sourceTree = "<group>"; };
		24FREF063 /* FitAdvisorTests.swift */ = {isa = PBXFileReference; lastKnownFileType = sourcecode.swift; path = FitAdvisorTests.swift; sourceTree = "<group>"; };
		24FREF067 /* AlertNotifier.swift */ = {isa = PBXFileReference; lastKnownFileType = sourcecode.swift; name = AlertNotifier.swift; path = Services/AlertNotifier.swift; sourceTree = "<group>"; };
		24FREF068 /* HFRepoID.swift */ = {isa = PBXFileReference; lastKnownFileType = sourcecode.swift; name = HFRepoID.swift; path = Models/HFRepoID.swift; sourceTree = "<group>"; };
		24FREF069 /* HFRepoIDTests.swift */ = {isa = PBXFileReference; lastKnownFileType = sourcecode.swift; path = HFRepoIDTests.swift; sourceTree = "<group>"; };
		24FREF065 /* PromptHistoryImport.swift */ = {isa = PBXFileReference; lastKnownFileType = sourcecode.swift; name = PromptHistoryImport.swift; path = Services/PromptHistoryImport.swift; sourceTree = "<group>"; };
		24FREF066 /* ComparisonPhase2Tests.swift */ = {isa = PBXFileReference; lastKnownFileType = sourcecode.swift; path = ComparisonPhase2Tests.swift; sourceTree = "<group>"; };
		24FREF064 /* PremiumSettingsTests.swift */ = {isa = PBXFileReference; lastKnownFileType = sourcecode.swift; path = PremiumSettingsTests.swift; sourceTree = "<group>"; };
		26SCREF001 /* ScanContractTests.swift */ = {isa = PBXFileReference; lastKnownFileType = sourcecode.swift; name = ScanContractTests.swift; path = ScanContractTests.swift; sourceTree = "<group>"; };
		26SCREF002 /* WorkbenchAPISubprocessTests.swift */ = {isa = PBXFileReference; lastKnownFileType = sourcecode.swift; name = WorkbenchAPISubprocessTests.swift; path = WorkbenchAPISubprocessTests.swift; sourceTree = "<group>"; };
		24FREF01B /* XCTest.framework */ = {isa = PBXFileReference; lastKnownFileType = wrapper.framework; name = XCTest.framework; path = System/Library/Frameworks/XCTest.framework; sourceTree = SDKROOT; };

		24AREF001 /* Assets.xcassets */ = {isa = PBXFileReference; lastKnownFileType = folder.assetcatalog; name = Assets.xcassets; path = Assets.xcassets; sourceTree = "<group>"; };

		24IREF001 /* Info.plist */ = {isa = PBXFileReference; lastKnownFileType = text.plist.xml; name = Info.plist; path = Info.plist; sourceTree = "<group>"; };

		24PROD01 /* mlx-workbench.app */ = {isa = PBXFileReference; explicitFileType = wrapper.application; includeInIndex = 0; path = mlx-workbench.app; sourceTree = BUILT_PRODUCTS_DIR; };
		24PROD02 /* mlx-workbenchTests.xctest */ = {isa = PBXFileReference; explicitFileType = wrapper.cfbundle; includeInIndex = 0; path = mlx-workbenchTests.xctest; sourceTree = BUILT_PRODUCTS_DIR; };

/* End PBXFileReference section */

/* Begin PBXFrameworksBuildPhase section */
		26UIPHRM1 /* Frameworks */ = {
			isa = PBXFrameworksBuildPhase;
			buildActionMask = 2147483647;
			files = (
				26UIBLD002 /* XCTest.framework in Frameworks */,
			);
			runOnlyForDeploymentPostprocessing = 0;
		};
		24PHRM1 /* Frameworks */ = {
			isa = PBXFrameworksBuildPhase;
			buildActionMask = 2147483647;
			files = (
			);
			runOnlyForDeploymentPostprocessing = 0;
		};
		24PHRM2 /* Frameworks */ = {
			isa = PBXFrameworksBuildPhase;
			buildActionMask = 2147483647;
			files = (
				24BBLD021 /* XCTest.framework in Frameworks */,
			);
			runOnlyForDeploymentPostprocessing = 0;
		};
/* End PBXFrameworksBuildPhase section */

/* Begin PBXGroup section */
		24GMAIN01 = {
			isa = PBXGroup;
			children = (
				24GSRC01 /* mlx-mac */,
				24GTEST01 /* mlx-macTests */,
				26UIGRP001 /* mlx-macUITests */,
				24GIV01 /* Products */,
			);
			sourceTree = "<group>";
		};
		24GSRC01 /* mlx-mac */ = {
			isa = PBXGroup;
			children = (
				24FREF000000 /* App.swift */,
				24FREF000001 /* AppHost.swift */,
				24FREF000002 /* BridgeError.swift */,
				24FREF000003 /* CLIProcess.swift */,
				24FREF000004 /* ModelItem.swift */,
				24FREF01C /* LibraryDomain.swift */,
				24FREF01D /* CatalogModels.swift */,
				24FREF01E /* WorkspaceModels.swift */,
				24FREF030 /* WorkflowModels.swift */,
				24FREF000005 /* RuntimeChecker.swift */,
				24FREF020 /* ModelLibraryBuilder.swift */,
				24FREF032 /* ModelWorkflowResolver.swift */,
				24FREF033 /* ModelWorkflowStore.swift */,
				24FREF035 /* ModelWorkflowCoordinator.swift */,
				24FREF040 /* VerificationModels.swift */,
				24FREF041 /* ServeProbe.swift */,
				24FREF042 /* VerificationStore.swift */,
				24FREF043 /* VerificationCoordinator.swift */,
				24FREF047 /* ComparisonModels.swift */,
				24FREF048 /* JSONStore.swift */,
				24FREF049 /* ComparisonCoordinator.swift */,
				24FREF04B /* WiringModels.swift */,
				24FREF04C /* JSONCTolerant.swift */,
				24FREF04D /* ClientAdapters.swift */,
				24FREF04E /* WiringCoordinator.swift */,
				24FREF050 /* EndpointModels.swift */,
				24FREF051 /* EndpointSupervisor.swift */,
				24FREF052 /* LaunchAgentManager.swift */,
				24FREF053 /* MenuBarView.swift */,
				24FREF055 /* ReclaimModels.swift */,
				24FREF056 /* Quarantine.swift */,
				24FREF057 /* UsageTracker.swift */,
				24FREF058 /* ReclaimAdvisor.swift */,
				24FREF059 /* ReclaimCoordinator.swift */,
				24FREF05B /* LineageModels.swift */,
				24FREF05C /* LineageIndexer.swift */,
				24FREF05E /* WatchModels.swift */,
				24FREF05F /* WatchCoordinator.swift */,
				24FREF061 /* FitModels.swift */,
				24FREF062 /* FitAdvisor.swift */,
				24FREF067 /* AlertNotifier.swift */,
				24FREF068 /* HFRepoID.swift */,
				24FREF065 /* PromptHistoryImport.swift */,
				24FREF000006 /* WorkbenchAPI.swift */,
				24FREF025 /* CatalogClient.swift */,
				24FREF026 /* CatalogStore.swift */,
				24FREF028 /* RecommendationEngine.swift */,
				24FREF000007 /* AppSidebar.swift */,
				24FREF000008 /* Components.swift */,
				24FREF000009 /* ContentView.swift */,
				24FREF00000A /* AdoptView.swift */,
				24FREF00000B /* ConvertView.swift */,
				24FREF00000C /* DoctorView.swift */,
				24FREF00000D /* DuplicatesView.swift */,
				24FREF00000E /* JobsView.swift */,
				24FREF00000F /* LMStudioView.swift */,
				24FREF000010 /* ModelArchView.swift */,
				24FREF023 /* ModelDetailsView.swift */,
				24FREF000011 /* ModelsView.swift */,
				24FREF022 /* LibraryView.swift */,
				24FREF000012 /* QuantView.swift */,
				24FREF000013 /* HomeView.swift */,
				24FREF000014 /* ScoutView.swift */,
				24FREF000015 /* ServeView.swift */,
				24FREF000016 /* SettingsView.swift */,
				24FREF000017 /* SlothView.swift */,
				24FREF000018 /* TrainingView.swift */,
				24FREF000019 /* WireView.swift */,
				24AREF001 /* Assets.xcassets */,
				24IREF001 /* Info.plist */,

			);
			path = mlx-mac;
			sourceTree = "<group>";
		};
		24GIV01 /* Products */ = {
			isa = PBXGroup;
			children = (
				24PROD01 /* mlx-workbench.app */,
				24PROD02 /* mlx-workbenchTests.xctest */,
				26UIREF002 /* mlx-workbenchUITests.xctest */,
			);
			name = Products;
			sourceTree = "<group>";
		};

		24GTEST01 /* mlx-macTests */ = {
			isa = PBXGroup;
			children = (
				24FREF01A /* AppHostHealthTests.swift */,
				24FREF027 /* CatalogStoreTests.swift */,
				24FREF01F /* LibraryDomainTests.swift */,
				24FREF024 /* LibraryViewTests.swift */,
				24FREF021 /* ModelLibraryBuilderTests.swift */,
				24FREF029 /* RecommendationEngineTests.swift */,
				24FREF031 /* ModelWorkflowResolverTests.swift */,
				24FREF034 /* ModelWorkflowCoordinatorTests.swift */,
				24FREF044 /* VerificationModelTests.swift */,
				24FREF045 /* ServeProbeTests.swift */,
				24FREF046 /* VerificationCoordinatorTests.swift */,
				24FREF069 /* HFRepoIDTests.swift */,
				24FREF04A /* ComparisonCoordinatorTests.swift */,
				24FREF04F /* WiringCoordinatorTests.swift */,
				24FREF054 /* EndpointSupervisorTests.swift */,
				24FREF05A /* ReclaimAdvisorTests.swift */,
				24FREF05D /* LineageIndexerTests.swift */,
				24FREF060 /* WatchCoordinatorTests.swift */,
				24FREF063 /* FitAdvisorTests.swift */,
				24FREF066 /* ComparisonPhase2Tests.swift */,
				24FREF064 /* PremiumSettingsTests.swift */,
				26SCREF001 /* ScanContractTests.swift */,
				26SCREF002 /* WorkbenchAPISubprocessTests.swift */,
			);
			path = mlx-macTests;
			sourceTree = "<group>";
		};
		26UIGRP001 /* mlx-macUITests */ = {
			isa = PBXGroup;
			children = (
				26UIREF001 /* GGUFToRunRealDataUITests.swift */,
			);
			path = "mlx-macUITests";
			sourceTree = "<group>";
		};
/* End PBXGroup section */

/* Begin PBXNativeTarget section */
		24TGT001 /* mlx-workbench */ = {
			isa = PBXNativeTarget;
			buildConfigurationList = 24CFGTG1 /* Build configuration list for PBXNativeTarget "mlx-workbench" */;
			buildPhases = (
				24PHSRC1 /* Sources */,
				24PHRM1 /* Frameworks */,
				24PHRES1 /* Resources */,
			);
			buildRules = (
			);
			dependencies = (
			);
			name = mlx-workbench;
			productName = mlx-workbench;
			productReference = 24PROD01 /* mlx-workbench.app */;
			productType = "com.apple.product-type.application";
		};
		24TGT002 /* mlx-workbenchTests */ = {
			isa = PBXNativeTarget;
			buildConfigurationList = 24CFGTG2 /* Build configuration list for PBXNativeTarget "mlx-workbenchTests" */;
			buildPhases = (
				24PHSRC2 /* Sources */,
				24PHRM2 /* Frameworks */,
			);
			buildRules = (
			);
			dependencies = (
				24TDEP001 /* PBXTargetDependency */,
			);
			name = mlx-workbenchTests;
			productName = mlx-workbenchTests;
			productReference = 24PROD02 /* mlx-workbenchTests.xctest */;
			productType = "com.apple.product-type.bundle.unit-test";
		};
		26UITGT001 /* mlx-workbenchUITests */ = {
			isa = PBXNativeTarget;
			buildConfigurationList = 26UICFGTG1 /* Build configuration list for PBXNativeTarget "mlx-workbenchUITests" */;
			buildPhases = (
				26UIPHSRC1 /* Sources */,
				26UIPHRM1 /* Frameworks */,
			);
			buildRules = (
			);
			dependencies = (
				26UITDEP01 /* PBXTargetDependency */,
			);
			name = "mlx-workbenchUITests";
			productName = "mlx-workbenchUITests";
			productReference = 26UIREF002 /* mlx-workbenchUITests.xctest */;
			productType = "com.apple.product-type.bundle.ui-testing";
		};
/* End PBXNativeTarget section */

/* Begin PBXProject section */
		24PRJ001 /* Project object */ = {
			isa = PBXProject;
			attributes = {
				BuildIndependentTargetsInParallel = 1;
				LastSwiftUpdateCheck = 1500;
				LastUpgradeCheck = 1500;
				TargetAttributes = {
					24TGT001 = {
						CreatedOnToolsVersion = 15.0;
					};
					24TGT002 = {
						CreatedOnToolsVersion = 15.0;
					};
					26UITGT001 = {
						CreatedOnToolsVersion = 15.0;
						TestTargetID = 24TGT001;
					};
				};
			};
			buildConfigurationList = 24CFGPR1 /* Build configuration list for PBXProject "mlx-workbench" */;
			compatibilityVersion = "Xcode 14.0";
			developmentRegion = en;
			hasScannedForEncodings = 0;
			knownRegions = (
				en,
				Base,
			);
			mainGroup = 24GMAIN01;
			productRefGroup = 24GIV01 /* Products */;
			projectDirPath = "";
			projectRoot = "";
			targets = (
				24TGT001 /* mlx-workbench */,
				24TGT002 /* mlx-workbenchTests */,
				26UITGT001 /* mlx-workbenchUITests */,
			);
		};
/* End PBXProject section */

/* Begin PBXTargetDependency section */
		26UITDEP01 /* PBXTargetDependency */ = {
			isa = PBXTargetDependency;
			target = 24TGT001 /* mlx-workbench */;
			targetProxy = 26UITPXY01 /* PBXContainerItemProxy */;
		};
		24TDEP001 /* PBXTargetDependency */ = {
			isa = PBXTargetDependency;
			target = 24TGT001 /* mlx-workbench */;
			targetProxy = 24TPXY001 /* PBXContainerItemProxy */;
		};
/* End PBXTargetDependency section */

/* Begin PBXContainerItemProxy section */
		26UITPXY01 /* PBXContainerItemProxy */ = {
			isa = PBXContainerItemProxy;
			containerPortal = 24PRJ001 /* Project object */;
			proxyType = 1;
			remoteGlobalIDString = 24TGT001;
			remoteInfo = "mlx-workbench";
		};
		24TPXY001 /* PBXContainerItemProxy */ = {
			isa = PBXContainerItemProxy;
			containerPortal = 24PRJ001 /* Project object */;
			proxyType = 1;
			remoteGlobalIDString = 24TGT001;
			remoteInfo = mlx-workbench;
		};
/* End PBXContainerItemProxy section */

/* Begin PBXResourcesBuildPhase section */
		24PHRES1 /* Resources */ = {
			isa = PBXResourcesBuildPhase;
			buildActionMask = 2147483647;
			files = (
				24ABLD001 /* Assets.xcassets in Resources */,

			);
			runOnlyForDeploymentPostprocessing = 0;
		};
/* End PBXResourcesBuildPhase section */

/* Begin PBXSourcesBuildPhase section */
		26UIPHSRC1 /* Sources */ = {
			isa = PBXSourcesBuildPhase;
			buildActionMask = 2147483647;
			files = (
				26UIBLD001 /* GGUFToRunRealDataUITests.swift in Sources */,
			);
			runOnlyForDeploymentPostprocessing = 0;
		};
		24PHSRC1 /* Sources */ = {
			isa = PBXSourcesBuildPhase;
			buildActionMask = 2147483647;
			files = (
				24BBLD000000 /* x */,
				24BBLD000001 /* x */,
				24BBLD000002 /* x */,
				24BBLD000003 /* x */,
				24BBLD000004 /* x */,
				24BBLD000005 /* x */,
				24BBLD000006 /* x */,
				24BBLD000007 /* x */,
				24BBLD000008 /* x */,
				24BBLD000009 /* x */,
				24BBLD00000A /* x */,
				24BBLD00000B /* x */,
				24BBLD00000C /* x */,
				24BBLD00000D /* x */,
				24BBLD00000E /* x */,
				24BBLD00000F /* x */,
				24BBLD000010 /* x */,
				24BBLD000011 /* x */,
				24BBLD000012 /* x */,
				24BBLD000013 /* x */,
				24BBLD000014 /* x */,
				24BBLD000015 /* x */,
				24BBLD000016 /* x */,
				24BBLD000017 /* x */,
				24BBLD000018 /* x */,
				24BBLD000019 /* x */,
				24BBLD022 /* LibraryDomain.swift in Sources */,
				24BBLD023 /* CatalogModels.swift in Sources */,
				24BBLD024 /* WorkspaceModels.swift in Sources */,
				24BBLD036 /* WorkflowModels.swift in Sources */,
				24BBLD026 /* ModelLibraryBuilder.swift in Sources */,
				24BBLD038 /* ModelWorkflowResolver.swift in Sources */,
				24BBLD039 /* ModelWorkflowStore.swift in Sources */,
				24BBLD041 /* ModelWorkflowCoordinator.swift in Sources */,
				24BBLD031 /* CatalogClient.swift in Sources */,
				24BBLD032 /* CatalogStore.swift in Sources */,
				24BBLD034 /* RecommendationEngine.swift in Sources */,
				24BBLD028 /* LibraryView.swift in Sources */,
				24BBLD029 /* ModelDetailsView.swift in Sources */,
				24BBLD042 /* VerificationModels.swift in Sources */,
				24BBLD043 /* ServeProbe.swift in Sources */,
				24BBLD044 /* VerificationStore.swift in Sources */,
				24BBLD045 /* VerificationCoordinator.swift in Sources */,
				24BBLD049 /* ComparisonModels.swift in Sources */,
				24BBLD04A /* JSONStore.swift in Sources */,
				24BBLD04B /* ComparisonCoordinator.swift in Sources */,
				24BBLD04D /* WiringModels.swift in Sources */,
				24BBLD04E /* JSONCTolerant.swift in Sources */,
				24BBLD04F /* ClientAdapters.swift in Sources */,
				24BBLD050 /* WiringCoordinator.swift in Sources */,
				24BBLD052 /* EndpointModels.swift in Sources */,
				24BBLD053 /* EndpointSupervisor.swift in Sources */,
				24BBLD054 /* LaunchAgentManager.swift in Sources */,
				24BBLD055 /* MenuBarView.swift in Sources */,
				24BBLD057 /* ReclaimModels.swift in Sources */,
				24BBLD058 /* Quarantine.swift in Sources */,
				24BBLD059 /* UsageTracker.swift in Sources */,
				24BBLD05A /* ReclaimAdvisor.swift in Sources */,
				24BBLD05B /* ReclaimCoordinator.swift in Sources */,
				24BBLD05D /* LineageModels.swift in Sources */,
				24BBLD05E /* LineageIndexer.swift in Sources */,
				24BBLD060 /* WatchModels.swift in Sources */,
				24BBLD061 /* WatchCoordinator.swift in Sources */,
				24BBLD063 /* FitModels.swift in Sources */,
				24BBLD064 /* FitAdvisor.swift in Sources */,
				24BBLD069 /* AlertNotifier.swift in Sources */,
				24BBLD06A /* HFRepoID.swift in Sources */,
				24BBLD067 /* PromptHistoryImport.swift in Sources */,

			);
			runOnlyForDeploymentPostprocessing = 0;
		};
		24PHSRC2 /* Sources */ = {
			isa = PBXSourcesBuildPhase;
			buildActionMask = 2147483647;
			files = (
				24BBLD020 /* AppHostHealthTests.swift in Sources */,
				24BBLD033 /* CatalogStoreTests.swift in Sources */,
				24BBLD025 /* LibraryDomainTests.swift in Sources */,
				24BBLD030 /* LibraryViewTests.swift in Sources */,
				24BBLD027 /* ModelLibraryBuilderTests.swift in Sources */,
				24BBLD035 /* RecommendationEngineTests.swift in Sources */,
				24BBLD037 /* ModelWorkflowResolverTests.swift in Sources */,
				24BBLD040 /* ModelWorkflowCoordinatorTests.swift in Sources */,
				24BBLD046 /* VerificationModelTests.swift in Sources */,
				24BBLD047 /* ServeProbeTests.swift in Sources */,
				24BBLD048 /* VerificationCoordinatorTests.swift in Sources */,
				24BBLD06B /* HFRepoIDTests.swift in Sources */,
				24BBLD04C /* ComparisonCoordinatorTests.swift in Sources */,
				24BBLD051 /* WiringCoordinatorTests.swift in Sources */,
				24BBLD056 /* EndpointSupervisorTests.swift in Sources */,
				24BBLD05C /* ReclaimAdvisorTests.swift in Sources */,
				24BBLD05F /* LineageIndexerTests.swift in Sources */,
				24BBLD062 /* WatchCoordinatorTests.swift in Sources */,
				24BBLD065 /* FitAdvisorTests.swift in Sources */,
				24BBLD068 /* ComparisonPhase2Tests.swift in Sources */,
				24BBLD066 /* PremiumSettingsTests.swift in Sources */,
				26SCBL001 /* ScanContractTests.swift in Sources */,
				26SCBL002 /* WorkbenchAPISubprocessTests.swift in Sources */,
			);
			runOnlyForDeploymentPostprocessing = 0;
		};
/* End PBXSourcesBuildPhase section */

/* Begin XCBuildConfiguration section */
		26UITCLD1 /* Debug */ = {
			isa = XCBuildConfiguration;
			buildSettings = {
				CODE_SIGN_STYLE = Automatic;
				CURRENT_PROJECT_VERSION = 1;
				GENERATE_INFOPLIST_FILE = YES;
				MACOSX_DEPLOYMENT_TARGET = 14.0;
				PRODUCT_BUNDLE_IDENTIFIER = "com.cavi.mlxworkbench.uitests";
				PRODUCT_NAME = "mlx-workbenchUITests";
				SDKROOT = macosx;
				SWIFT_ACTIVE_COMPILATION_CONDITIONS = TEST;
				SWIFT_OPTIMIZATION_LEVEL = "-Onone";
				SWIFT_VERSION = 5.0;
				TEST_TARGET_NAME = "mlx-workbench";
			};
			name = Debug;
		};
		26UITCLR1 /* Release */ = {
			isa = XCBuildConfiguration;
			buildSettings = {
				CODE_SIGN_STYLE = Automatic;
				CURRENT_PROJECT_VERSION = 1;
				GENERATE_INFOPLIST_FILE = YES;
				MACOSX_DEPLOYMENT_TARGET = 14.0;
				PRODUCT_BUNDLE_IDENTIFIER = "com.cavi.mlxworkbench.uitests";
				PRODUCT_NAME = "mlx-workbenchUITests";
				SDKROOT = macosx;
				SWIFT_COMPILATION_MODE = wholemodule;
				SWIFT_VERSION = 5.0;
				TEST_TARGET_NAME = "mlx-workbench";
			};
			name = Release;
		};
		24BCLD01 /* Debug */ = {
			isa = XCBuildConfiguration;
			buildSettings = {
				ASSETCATALOG_COMPILER_APPICON_NAME = AppIcon;
				CODE_SIGN_STYLE = Automatic;
				COMBINE_HIDPI_IMAGES = YES;
				CURRENT_PROJECT_VERSION = 1;
				ENABLE_HARDENED_RUNTIME = YES;
				GENERATE_INFOPLIST_FILE = NO;
				INFOPLIST_FILE = mlx-mac/Info.plist;
				LD_RUNPATH_SEARCH_PATHS = ("$(inherited)", "@executable_path/../Frameworks");
				MARKETING_VERSION = 1.0;
				PRODUCT_BUNDLE_IDENTIFIER = com.cavi.mlxworkbench;
				PRODUCT_NAME = "mlx-workbench";
				PRODUCT_MODULE_NAME = mlx_workbench;
				SDKROOT = macosx;
				DEBUG_INFORMATION_FORMAT = dwarf;
				ENABLE_TESTABILITY = YES;
				GCC_OPTIMIZATION_LEVEL = 0;
				ONLY_ACTIVE_ARCH = YES;
				SWIFT_OPTIMIZATION_LEVEL = "-Onone";
				SWIFT_ACTIVE_COMPILATION_CONDITIONS = DEBUG;
			};
			name = Debug;
		};
		24BCLR01 /* Release */ = {
			isa = XCBuildConfiguration;
			buildSettings = {
				ASSETCATALOG_COMPILER_APPICON_NAME = AppIcon;
				CODE_SIGN_STYLE = Automatic;
				COMBINE_HIDPI_IMAGES = YES;
				CURRENT_PROJECT_VERSION = 1;
				ENABLE_HARDENED_RUNTIME = YES;
				GENERATE_INFOPLIST_FILE = NO;
				INFOPLIST_FILE = mlx-mac/Info.plist;
				LD_RUNPATH_SEARCH_PATHS = ("$(inherited)", "@executable_path/../Frameworks");
				MARKETING_VERSION = 1.0;
				PRODUCT_BUNDLE_IDENTIFIER = com.cavi.mlxworkbench;
				PRODUCT_NAME = "mlx-workbench";
				PRODUCT_MODULE_NAME = mlx_workbench;
				SDKROOT = macosx;
				DEBUG_INFORMATION_FORMAT = "dwarf-with-dsym";
				SWIFT_COMPILATION_MODE = wholemodule;

			};
			name = Release;
		};
		24TCLD01 /* Debug */ = {
			isa = XCBuildConfiguration;
			buildSettings = {
				CODE_SIGN_STYLE = Automatic;
				COMBINE_HIDPI_IMAGES = YES;
				BUNDLE_LOADER = "$(TEST_HOST)";
				PRODUCT_BUNDLE_IDENTIFIER = "com.cavi.mlxworkbench.tests";
				PRODUCT_NAME = "mlx-workbenchTests";
				SDKROOT = macosx;
				CURRENT_PROJECT_VERSION = 1;
				ENABLE_TESTABILITY = YES;
				GENERATE_INFOPLIST_FILE = YES;
				GCC_OPTIMIZATION_LEVEL = 0;
				ONLY_ACTIVE_ARCH = YES;
				TEST_HOST = "$(BUILT_PRODUCTS_DIR)/mlx-workbench.app/Contents/MacOS/mlx-workbench";
				SWIFT_ACTIVE_COMPILATION_CONDITIONS = TEST;
				SWIFT_OPTIMIZATION_LEVEL = "-Onone";
				SWIFT_VERSION = 5.0;
				COMBINE_HIDPI_IMAGES = YES;
				CLANG_ENABLE_MODULES = YES;
				CLANG_ENABLE_OBJC_ARC = YES;
				MACOSX_DEPLOYMENT_TARGET = 14.0;
			};
			name = Debug;
		};
		24TCLR01 /* Release */ = {
			isa = XCBuildConfiguration;
			buildSettings = {
				CODE_SIGN_STYLE = Automatic;
				COMBINE_HIDPI_IMAGES = YES;
				BUNDLE_LOADER = "$(TEST_HOST)";
				PRODUCT_BUNDLE_IDENTIFIER = "com.cavi.mlxworkbench.tests";
				PRODUCT_NAME = "mlx-workbenchTests";
				SDKROOT = macosx;
				CURRENT_PROJECT_VERSION = 1;
				GENERATE_INFOPLIST_FILE = YES;
				GCC_OPTIMIZATION_LEVEL = 0;
				TEST_HOST = "$(BUILT_PRODUCTS_DIR)/mlx-workbench.app/Contents/MacOS/mlx-workbench";
				CLANG_ENABLE_MODULES = YES;
				CLANG_ENABLE_OBJC_ARC = YES;
				MACOSX_DEPLOYMENT_TARGET = 14.0;
				SWIFT_COMPILATION_MODE = wholemodule;
				SWIFT_VERSION = 5.0;
			};
			name = Release;
		};
		24PCLD01 /* Debug */ = {
			isa = XCBuildConfiguration;
			buildSettings = {
				SDKROOT = macosx;
				DEBUG_INFORMATION_FORMAT = dwarf;
				ENABLE_TESTABILITY = YES;
				GCC_OPTIMIZATION_LEVEL = 0;
				ONLY_ACTIVE_ARCH = YES;
				SWIFT_OPTIMIZATION_LEVEL = "-Onone";
				CLANG_ENABLE_MODULES = YES;
				CLANG_ENABLE_OBJC_ARC = YES;
				MACOSX_DEPLOYMENT_TARGET = 14.0;
				SWIFT_VERSION = 5.0;

			};
			name = Debug;
		};
		24PCLR01 /* Release */ = {
			isa = XCBuildConfiguration;
			buildSettings = {
				SDKROOT = macosx;
				DEBUG_INFORMATION_FORMAT = "dwarf-with-dsym";
				SWIFT_COMPILATION_MODE = wholemodule;
				CLANG_ENABLE_MODULES = YES;
				CLANG_ENABLE_OBJC_ARC = YES;
				MACOSX_DEPLOYMENT_TARGET = 14.0;
				SWIFT_VERSION = 5.0;

			};
			name = Release;
		};
/* End XCBuildConfiguration section */

/* Begin XCConfigurationList section */
		26UICFGTG1 /* Build configuration list for PBXNativeTarget "mlx-workbenchUITests" */ = {
			isa = XCConfigurationList;
			buildConfigurations = (
				26UITCLD1 /* Debug */,
				26UITCLR1 /* Release */,
			);
			defaultConfigurationIsVisible = 0;
			defaultConfigurationName = Release;
		};
		24CFGPR1 /* Build configuration list for PBXProject "mlx-workbench" */ = {
			isa = XCConfigurationList;
			buildConfigurations = (
				24PCLD01 /* Debug */,
				24PCLR01 /* Release */,
			);
			defaultConfigurationIsVisible = 0;
			defaultConfigurationName = Release;
		};
		24CFGTG1 /* Build configuration list for PBXNativeTarget "mlx-workbench" */ = {
			isa = XCConfigurationList;
			buildConfigurations = (
				24BCLD01 /* Debug */,
				24BCLR01 /* Release */,
			);
			defaultConfigurationIsVisible = 0;
			defaultConfigurationName = Release;
		};
		24CFGTG2 /* Build configuration list for PBXNativeTarget "mlx-workbenchTests" */ = {
			isa = XCConfigurationList;
			buildConfigurations = (
				24TCLD01 /* Debug */,
				24TCLR01 /* Release */,
			);
			defaultConfigurationIsVisible = 0;
			defaultConfigurationName = Release;
		};
/* End XCConfigurationList section */

	};
	rootObject = 24PRJ001 /* Project object */;
}
